
Microsoft Visual Studio Solution File, Format Version 12.00
# Visual Studio Version 17
VisualStudioVersion = 17.4.33213.308
MinimumVisualStudioVersion = 10.0.40219.1
Project("{FAE04EC0-301F-11D3-BF4B-00C04F79EFBC}") = "Trabalhando_Eventos", "Trabalhando_Eventos\Trabalhando_Eventos.csproj", "{7991CB02-D13D-4B8D-B5F1-986737218E7C}"
EndProject
Project("{FAE04EC0-301F-11D3-BF4B-00C04F79EFBC}") = "EventBus", "EventBus\EventBus.csproj", "{B2F82FF5-FDDC-4EA1-983F-3BC947870121}"
EndProject
Global
	GlobalSection(SolutionConfigurationPlatforms) = preSolution
		Debug|Any CPU = Debug|Any CPU
		Release|Any CPU = Release|Any CPU
	EndGlobalSection
	GlobalSection(ProjectConfigurationPlatforms) = postSolution
		{7991CB02-D13D-4B8D-B5F1-986737218E7C}.Debug|Any CPU.ActiveCfg = Debug|Any CPU
		{7991CB02-D13D-4B8D-B5F1-986737218E7C}.Debug|Any CPU.Build.0 = Debug|Any CPU
		{7991CB02-D13D-4B8D-B5F1-986737218E7C}.Release|Any CPU.ActiveCfg = Release|Any CPU
		{7991CB02-D13D-4B8D-B5F1-986737218E7C}.Release|Any CPU.Build.0 = Release|Any CPU
		{B2F82FF5-FDDC-4EA1-983F-3BC947870121}.Debug|Any CPU.ActiveCfg = Debug|Any CPU
		{B2F82FF5-FDDC-4EA1-983F-3BC947870121}.Debug|Any CPU.Build.0 = Debug|Any CPU
		{B2F82FF5-FDDC-4EA1-983F-3BC947870121}.Release|Any CPU.ActiveCfg = Release|Any CPU
		{B2F82FF5-FDDC-4EA1-983F-3BC947870121}.Release|Any CPU.Build.0 = Release|Any CPU
	EndGlobalSection
	GlobalSection(SolutionProperties) = preSolution
		HideSolutionNode = FALSE
	EndGlobalSection
	GlobalSection(ExtensibilityGlobals) = postSolution
		SolutionGuid = {C4F5AD7D-6E01-41B9-AC99-D6CDA83062A9}
	EndGlobalSection
EndGlobal
